{
  "nodes": {
    "kitty-themes": {
      "flake": false,
      "locked": {
        "lastModified": 1617697207,
        "narHash": "sha256-Zbmrp2sQO0upkQ6Gtt5O4SLzPhovUDQNjvM0x8v2a0g=",
        "owner": "connorholyday",
        "repo": "nord-kitty",
        "rev": "3a819c1f207cd2f98a6b7c7f9ebf1c60da91c9e9",
        "type": "github"
      },
      "original": {
        "owner": "connorholyday",
        "repo": "nord-kitty",
        "type": "github"
      }
    },
    "nixpkgs": {
      "locked": {
        "lastModified": 1633351077,
        "narHash": "sha256-z38JG4Bb0GtM1aF1pANVdp1dniMP23Yb3HnRoJRy2uU=",
        "owner": "nixos",
        "repo": "nixpkgs",
        "rev": "14aef06d9b3ad1d07626bdbb16083b83f92dc6c1",
        "type": "github"
      },
      "original": {
        "owner": "nixos",
        "ref": "nixpkgs-unstable",
        "repo": "nixpkgs",
        "type": "github"
      }
    },
    "root": {
      "inputs": {
        "kitty-themes": "kitty-themes",
        "nixpkgs": "nixpkgs"
      }
    }
  },
  "root": "root",
  "version": 7
}
