{
  "nodes": {
    "kitty-themes": {
      "flake": false,
      "locked": {
        "lastModified": 1629462067,
        "narHash": "sha256-BGK7++7Jg1J8oMvDx0DNQOhRa9MC2QNJtYsi4UoxvmA=",
        "owner": "kovidgoyal",
        "repo": "kitty-themes",
        "rev": "c1fb3a3ea97140b1c004406e15a77b17bcba6123",
        "type": "github"
      },
      "original": {
        "owner": "kovidgoyal",
        "repo": "kitty-themes",
        "type": "github"
      }
    },
    "nixpkgs": {
      "locked": {
        "lastModified": 1631470189,
        "narHash": "sha256-hkUPYlpNOY9nbG1ByRin9NzPAYnPtwq/nGxO/DoeZd0=",
        "owner": "nixos",
        "repo": "nixpkgs",
        "rev": "364b5555ee04bf61ee0075a3adab4c9351a8d38c",
        "type": "github"
      },
      "original": {
        "owner": "nixos",
        "ref": "nixpkgs-unstable",
        "repo": "nixpkgs",
        "type": "github"
      }
    },
    "root": {
      "inputs": {
        "kitty-themes": "kitty-themes",
        "nixpkgs": "nixpkgs"
      }
    }
  },
  "root": "root",
  "version": 7
}
