{
  "nodes": {
    "kitty-themes": {
      "flake": false,
      "locked": {
        "lastModified": 1617697207,
        "narHash": "sha256-Zbmrp2sQO0upkQ6Gtt5O4SLzPhovUDQNjvM0x8v2a0g=",
        "owner": "connorholyday",
        "repo": "nord-kitty",
        "rev": "3a819c1f207cd2f98a6b7c7f9ebf1c60da91c9e9",
        "type": "github"
      },
      "original": {
        "owner": "connorholyday",
        "repo": "nord-kitty",
        "type": "github"
      }
    },
    "nixpkgs": {
      "locked": {
        "lastModified": 1644775669,
        "narHash": "sha256-AgMdPpgrEoUObOH/9T+BlTN+lu9KJCMeeQ559+rXDxw=",
        "owner": "nixos",
        "repo": "nixpkgs",
        "rev": "daf1cd5b36663d09b2b1e5198319d970bc90d894",
        "type": "github"
      },
      "original": {
        "owner": "nixos",
        "ref": "nixos-unstable-small",
        "repo": "nixpkgs",
        "type": "github"
      }
    },
    "root": {
      "inputs": {
        "kitty-themes": "kitty-themes",
        "nixpkgs": "nixpkgs"
      }
    }
  },
  "root": "root",
  "version": 7
}
